
Microsoft Visual Studio Solution File, Format Version 12.00
# Visual Studio 15
VisualStudioVersion = 15.0.27703.2042
MinimumVisualStudioVersion = 10.0.40219.1
Project("{9A19103F-16F7-4668-BE54-9A1E7A4F7556}") = "InsuranceHub.Client", "InsuranceHub.Client\InsuranceHub.Client.csproj", "{504EE5CB-D7E1-4901-8C09-E5BEACBA8513}"
EndProject
Project("{2150E333-8FDC-42A3-9474-1A3956D46DE8}") = "Tests", "Tests", "{0B8A2407-0DFC-4B98-B4D4-998E37C43E6E}"
EndProject
Project("{9A19103F-16F7-4668-BE54-9A1E7A4F7556}") = "InsuranceHub.Client.Test.Unit", "Tests\InsuranceHub.Client.Test.Unit\InsuranceHub.Client.Test.Unit.csproj", "{0F45853C-1F01-41B1-9FBB-1F7013351B4A}"
EndProject
Project("{FAE04EC0-301F-11D3-BF4B-00C04F79EFBC}") = "InsuranceHub.Client.Test.Acceptance", "Tests\InsuranceHub.Client.Test.Acceptance\InsuranceHub.Client.Test.Acceptance.csproj", "{D9D38958-BB83-4FFE-AF7A-66D9EDE5081B}"
EndProject
Global
	GlobalSection(SolutionConfigurationPlatforms) = preSolution
		Debug|Any CPU = Debug|Any CPU
		Release|Any CPU = Release|Any CPU
	EndGlobalSection
	GlobalSection(ProjectConfigurationPlatforms) = postSolution
		{504EE5CB-D7E1-4901-8C09-E5BEACBA8513}.Debug|Any CPU.ActiveCfg = Debug|Any CPU
		{504EE5CB-D7E1-4901-8C09-E5BEACBA8513}.Debug|Any CPU.Build.0 = Debug|Any CPU
		{504EE5CB-D7E1-4901-8C09-E5BEACBA8513}.Release|Any CPU.ActiveCfg = Release|Any CPU
		{504EE5CB-D7E1-4901-8C09-E5BEACBA8513}.Release|Any CPU.Build.0 = Release|Any CPU
		{0F45853C-1F01-41B1-9FBB-1F7013351B4A}.Debug|Any CPU.ActiveCfg = Debug|Any CPU
		{0F45853C-1F01-41B1-9FBB-1F7013351B4A}.Debug|Any CPU.Build.0 = Debug|Any CPU
		{0F45853C-1F01-41B1-9FBB-1F7013351B4A}.Release|Any CPU.ActiveCfg = Release|Any CPU
		{0F45853C-1F01-41B1-9FBB-1F7013351B4A}.Release|Any CPU.Build.0 = Release|Any CPU
		{D9D38958-BB83-4FFE-AF7A-66D9EDE5081B}.Debug|Any CPU.ActiveCfg = Debug|Any CPU
		{D9D38958-BB83-4FFE-AF7A-66D9EDE5081B}.Debug|Any CPU.Build.0 = Debug|Any CPU
		{D9D38958-BB83-4FFE-AF7A-66D9EDE5081B}.Release|Any CPU.ActiveCfg = Release|Any CPU
		{D9D38958-BB83-4FFE-AF7A-66D9EDE5081B}.Release|Any CPU.Build.0 = Release|Any CPU
	EndGlobalSection
	GlobalSection(SolutionProperties) = preSolution
		HideSolutionNode = FALSE
	EndGlobalSection
	GlobalSection(NestedProjects) = preSolution
		{0F45853C-1F01-41B1-9FBB-1F7013351B4A} = {0B8A2407-0DFC-4B98-B4D4-998E37C43E6E}
		{D9D38958-BB83-4FFE-AF7A-66D9EDE5081B} = {0B8A2407-0DFC-4B98-B4D4-998E37C43E6E}
	EndGlobalSection
	GlobalSection(ExtensibilityGlobals) = postSolution
		SolutionGuid = {D6FC02EF-E8DC-454D-A01F-089EFA686003}
	EndGlobalSection
EndGlobal
